
Microsoft Visual Studio Solution File, Format Version 12.00
# Visual Studio Version 16
VisualStudioVersion = 16.0.30523.141
MinimumVisualStudioVersion = 10.0.40219.1
Project("{FAE04EC0-301F-11D3-BF4B-00C04F79EFBC}") = "omega21", "omega21.csproj", "{7AC7877E-AFEB-4C24-BD63-05498F367025}"
EndProject
Global
	GlobalSection(SolutionConfigurationPlatforms) = preSolution
		Debug|Any CPU = Debug|Any CPU
		Release|Any CPU = Release|Any CPU
	EndGlobalSection
	GlobalSection(ProjectConfigurationPlatforms) = postSolution
		{7AC7877E-AFEB-4C24-BD63-05498F367025}.Debug|Any CPU.ActiveCfg = Debug|Any CPU
		{7AC7877E-AFEB-4C24-BD63-05498F367025}.Debug|Any CPU.Build.0 = Debug|Any CPU
		{7AC7877E-AFEB-4C24-BD63-05498F367025}.Release|Any CPU.ActiveCfg = Release|Any CPU
		{7AC7877E-AFEB-4C24-BD63-05498F367025}.Release|Any CPU.Build.0 = Release|Any CPU
	EndGlobalSection
	GlobalSection(SolutionProperties) = preSolution
		HideSolutionNode = FALSE
	EndGlobalSection
	GlobalSection(ExtensibilityGlobals) = postSolution
		SolutionGuid = {34F019EA-182E-4DE2-B705-2E30968CB6EF}
	EndGlobalSection
EndGlobal
